# This file is automatically @generated by Cargo.
# It is not intended for manual editing.
version = 4

[[package]]
name = "zeb-frontend"
version = "0.1.0"

[[package]]
name = "zeb-runtime"
version = "0.1.0"

[[package]]
name = "zebc"
version = "0.1.0"
dependencies = [
 "zeb-frontend",
 "zeb-runtime",
]
